
Microsoft Visual Studio Solution File, Format Version 12.00
Project("{FAE04EC0-301F-11D3-BF4B-00C04F79EFBC}") = "Ecommerce.Server", "Ecommerce.Server\Ecommerce.Server.csproj", "{60ABDDAA-7CFE-4C71-A6B8-4B1D9658F77F}"
EndProject
Project("{FAE04EC0-301F-11D3-BF4B-00C04F79EFBC}") = "Ecommerce.Client", "Ecommerce.Client\Ecommerce.Client.csproj", "{E29626BD-A234-4D37-9947-99BA67A010D1}"
EndProject
Project("{FAE04EC0-301F-11D3-BF4B-00C04F79EFBC}") = "Ecommerce.Model", "Ecommerce.Model\Ecommerce.Model.csproj", "{7BFE4234-6FA8-46B2-9EC7-C5FB26025799}"
EndProject
Project("{FAE04EC0-301F-11D3-BF4B-00C04F79EFBC}") = "Ecommerce.Common", "Ecommerce.Common\Ecommerce.Common.csproj", "{BD87324C-814D-4227-9307-5A5107FFF83E}"
EndProject
Project("{FAE04EC0-301F-11D3-BF4B-00C04F79EFBC}") = "Ecommerce.Business", "Ecommerce.Business\Ecommerce.Business.csproj", "{69F5A785-4F7E-4665-9E0E-0D155E9A072A}"
EndProject
Project("{FAE04EC0-301F-11D3-BF4B-00C04F79EFBC}") = "Ecommerce.DataAccess", "Ecommerce.DataAccess\Ecommerce.DataAccess.csproj", "{DAD650F7-EA44-421A-944D-A7AAD1C240FC}"
EndProject
Project("{FAE04EC0-301F-11D3-BF4B-00C04F79EFBC}") = "Ecommerce.Tests", "Ecommerce.Tests\Ecommerce.Tests.csproj", "{1B9D4D0C-164F-413E-9298-39F7B98BB544}"
EndProject
Global
	GlobalSection(SolutionConfigurationPlatforms) = preSolution
		Debug|Any CPU = Debug|Any CPU
		Release|Any CPU = Release|Any CPU
	EndGlobalSection
	GlobalSection(ProjectConfigurationPlatforms) = postSolution
		{60ABDDAA-7CFE-4C71-A6B8-4B1D9658F77F}.Debug|Any CPU.ActiveCfg = Debug|Any CPU
		{60ABDDAA-7CFE-4C71-A6B8-4B1D9658F77F}.Debug|Any CPU.Build.0 = Debug|Any CPU
		{60ABDDAA-7CFE-4C71-A6B8-4B1D9658F77F}.Release|Any CPU.ActiveCfg = Release|Any CPU
		{60ABDDAA-7CFE-4C71-A6B8-4B1D9658F77F}.Release|Any CPU.Build.0 = Release|Any CPU
		{E29626BD-A234-4D37-9947-99BA67A010D1}.Debug|Any CPU.ActiveCfg = Debug|Any CPU
		{E29626BD-A234-4D37-9947-99BA67A010D1}.Debug|Any CPU.Build.0 = Debug|Any CPU
		{E29626BD-A234-4D37-9947-99BA67A010D1}.Release|Any CPU.ActiveCfg = Release|Any CPU
		{E29626BD-A234-4D37-9947-99BA67A010D1}.Release|Any CPU.Build.0 = Release|Any CPU
		{7BFE4234-6FA8-46B2-9EC7-C5FB26025799}.Debug|Any CPU.ActiveCfg = Debug|Any CPU
		{7BFE4234-6FA8-46B2-9EC7-C5FB26025799}.Debug|Any CPU.Build.0 = Debug|Any CPU
		{7BFE4234-6FA8-46B2-9EC7-C5FB26025799}.Release|Any CPU.ActiveCfg = Release|Any CPU
		{7BFE4234-6FA8-46B2-9EC7-C5FB26025799}.Release|Any CPU.Build.0 = Release|Any CPU
		{BD87324C-814D-4227-9307-5A5107FFF83E}.Debug|Any CPU.ActiveCfg = Debug|Any CPU
		{BD87324C-814D-4227-9307-5A5107FFF83E}.Debug|Any CPU.Build.0 = Debug|Any CPU
		{BD87324C-814D-4227-9307-5A5107FFF83E}.Release|Any CPU.ActiveCfg = Release|Any CPU
		{BD87324C-814D-4227-9307-5A5107FFF83E}.Release|Any CPU.Build.0 = Release|Any CPU
		{69F5A785-4F7E-4665-9E0E-0D155E9A072A}.Debug|Any CPU.ActiveCfg = Debug|Any CPU
		{69F5A785-4F7E-4665-9E0E-0D155E9A072A}.Debug|Any CPU.Build.0 = Debug|Any CPU
		{69F5A785-4F7E-4665-9E0E-0D155E9A072A}.Release|Any CPU.ActiveCfg = Release|Any CPU
		{69F5A785-4F7E-4665-9E0E-0D155E9A072A}.Release|Any CPU.Build.0 = Release|Any CPU
		{DAD650F7-EA44-421A-944D-A7AAD1C240FC}.Debug|Any CPU.ActiveCfg = Debug|Any CPU
		{DAD650F7-EA44-421A-944D-A7AAD1C240FC}.Debug|Any CPU.Build.0 = Debug|Any CPU
		{DAD650F7-EA44-421A-944D-A7AAD1C240FC}.Release|Any CPU.ActiveCfg = Release|Any CPU
		{DAD650F7-EA44-421A-944D-A7AAD1C240FC}.Release|Any CPU.Build.0 = Release|Any CPU
		{1B9D4D0C-164F-413E-9298-39F7B98BB544}.Debug|Any CPU.ActiveCfg = Debug|Any CPU
		{1B9D4D0C-164F-413E-9298-39F7B98BB544}.Debug|Any CPU.Build.0 = Debug|Any CPU
		{1B9D4D0C-164F-413E-9298-39F7B98BB544}.Release|Any CPU.ActiveCfg = Release|Any CPU
		{1B9D4D0C-164F-413E-9298-39F7B98BB544}.Release|Any CPU.Build.0 = Release|Any CPU
	EndGlobalSection
EndGlobal
